// !$*UTF8*$!
{
	archiveVersion = 1;
	classes = {
	};
	objectVersion = 52;
	objects = {

/* Begin PBXBuildFile section */
		1D503ED12557F0FE003F6504 /* AppDelegate.swift in Sources */ = {isa = PBXBuildFile; fileRef = 1D503ED02557F0FE003F6504 /* AppDelegate.swift */; };
		1D503ED32557F0FE003F6504 /* SceneDelegate.swift in Sources */ = {isa = PBXBuildFile; fileRef = 1D503ED22557F0FE003F6504 /* SceneDelegate.swift */; };
		1D503ED52557F0FE003F6504 /* ViewController.swift in Sources */ = {isa = PBXBuildFile; fileRef = 1D503ED42557F0FE003F6504 /* ViewController.swift */; };
		1D503ED82557F0FE003F6504 /* Main.storyboard in Resources */ = {isa = PBXBuildFile; fileRef = 1D503ED62557F0FE003F6504 /* Main.storyboard */; };
		1D503EDA2557F100003F6504 /* Assets.xcassets in Resources */ = {isa = PBXBuildFile; fileRef = 1D503ED92557F100003F6504 /* Assets.xcassets */; };
		1D503EDD2557F100003F6504 /* LaunchScreen.storyboard in Resources */ = {isa = PBXBuildFile; fileRef = 1D503EDB2557F100003F6504 /* LaunchScreen.storyboard */; };
		1D503FEF2558954D003F6504 /* FirebaseFrameworkWrapper.h in Headers */ = {isa = PBXBuildFile; fileRef = 1D503FED2558954D003F6504 /* FirebaseFrameworkWrapper.h */; settings = {ATTRIBUTES = (Public, ); }; };
		1D503FF22558954D003F6504 /* FirebaseFrameworkWrapper.framework in Frameworks */ = {isa = PBXBuildFile; fileRef = 1D503FEB2558954D003F6504 /* FirebaseFrameworkWrapper.framework */; };
		1D503FF32558954D003F6504 /* FirebaseFrameworkWrapper.framework in Embed Frameworks */ = {isa = PBXBuildFile; fileRef = 1D503FEB2558954D003F6504 /* FirebaseFrameworkWrapper.framework */; settings = {ATTRIBUTES = (CodeSignOnCopy, RemoveHeadersOnCopy, ); }; };
		1D503FF925589557003F6504 /* FirebaseDynamicLinks.xcframework in Frameworks */ = {isa = PBXBuildFile; fileRef = 1D503F6425588C14003F6504 /* FirebaseDynamicLinks.xcframework */; };
		1D503FFF2558959E003F6504 /* FirebaseAuth in Frameworks */ = {isa = PBXBuildFile; productRef = 1D503FFE2558959E003F6504 /* FirebaseAuth */; };
		1D5040012558959E003F6504 /* FirebaseFirestore in Frameworks */ = {isa = PBXBuildFile; productRef = 1D5040002558959E003F6504 /* FirebaseFirestore */; };
		1D5040032558959E003F6504 /* FirebaseFunctions in Frameworks */ = {isa = PBXBuildFile; productRef = 1D5040022558959E003F6504 /* FirebaseFunctions */; };
		1D5040052558959F003F6504 /* FirebaseMessaging in Frameworks */ = {isa = PBXBuildFile; productRef = 1D5040042558959F003F6504 /* FirebaseMessaging */; };
		1D5040072558959F003F6504 /* FirebaseStorage in Frameworks */ = {isa = PBXBuildFile; productRef = 1D5040062558959F003F6504 /* FirebaseStorage */; };
		1D50400A2558960B003F6504 /* LinkController.swift in Sources */ = {isa = PBXBuildFile; fileRef = 1D5040092558960B003F6504 /* LinkController.swift */; };
/* End PBXBuildFile section */

/* Begin PBXContainerItemProxy section */
		1D503FF02558954D003F6504 /* PBXContainerItemProxy */ = {
			isa = PBXContainerItemProxy;
			containerPortal = 1D503EC52557F0FE003F6504 /* Project object */;
			proxyType = 1;
			remoteGlobalIDString = 1D503FEA2558954D003F6504;
			remoteInfo = FirebaseFrameworkWrapper;
		};
/* End PBXContainerItemProxy section */

/* Begin PBXCopyFilesBuildPhase section */
		1D503FF72558954D003F6504 /* Embed Frameworks */ = {
			isa = PBXCopyFilesBuildPhase;
			buildActionMask = 2147483647;
			dstPath = "";
			dstSubfolderSpec = 10;
			files = (
				1D503FF32558954D003F6504 /* FirebaseFrameworkWrapper.framework in Embed Frameworks */,
			);
			name = "Embed Frameworks";
			runOnlyForDeploymentPostprocessing = 0;
		};
/* End PBXCopyFilesBuildPhase section */

/* Begin PBXFileReference section */
		1D503ECD2557F0FE003F6504 /* DynamicLinkDemo.app */ = {isa = PBXFileReference; explicitFileType = wrapper.application; includeInIndex = 0; path = DynamicLinkDemo.app; sourceTree = BUILT_PRODUCTS_DIR; };
		1D503ED02557F0FE003F6504 /* AppDelegate.swift */ = {isa = PBXFileReference; lastKnownFileType = sourcecode.swift; path = AppDelegate.swift; sourceTree = "<group>"; };
		1D503ED22557F0FE003F6504 /* SceneDelegate.swift */ = {isa = PBXFileReference; lastKnownFileType = sourcecode.swift; path = SceneDelegate.swift; sourceTree = "<group>"; };
		1D503ED42557F0FE003F6504 /* ViewController.swift */ = {isa = PBXFileReference; lastKnownFileType = sourcecode.swift; path = ViewController.swift; sourceTree = "<group>"; };
		1D503ED72557F0FE003F6504 /* Base */ = {isa = PBXFileReference; lastKnownFileType = file.storyboard; name = Base; path = Base.lproj/Main.storyboard; sourceTree = "<group>"; };
		1D503ED92557F100003F6504 /* Assets.xcassets */ = {isa = PBXFileReference; lastKnownFileType = folder.assetcatalog; path = Assets.xcassets; sourceTree = "<group>"; };
		1D503EDC2557F100003F6504 /* Base */ = {isa = PBXFileReference; lastKnownFileType = file.storyboard; name = Base; path = Base.lproj/LaunchScreen.storyboard; sourceTree = "<group>"; };
		1D503EDE2557F100003F6504 /* Info.plist */ = {isa = PBXFileReference; lastKnownFileType = text.plist.xml; path = Info.plist; sourceTree = "<group>"; };
		1D503F4F2557F7FC003F6504 /* DynamicLinkDemo.entitlements */ = {isa = PBXFileReference; lastKnownFileType = text.plist.entitlements; path = DynamicLinkDemo.entitlements; sourceTree = "<group>"; };
		1D503F6425588C14003F6504 /* FirebaseDynamicLinks.xcframework */ = {isa = PBXFileReference; lastKnownFileType = wrapper.xcframework; name = FirebaseDynamicLinks.xcframework; path = ../../Downloads/Firebase/FirebaseDynamicLinks/FirebaseDynamicLinks.xcframework; sourceTree = "<group>"; };
		1D503FEB2558954D003F6504 /* FirebaseFrameworkWrapper.framework */ = {isa = PBXFileReference; explicitFileType = wrapper.framework; includeInIndex = 0; path = FirebaseFrameworkWrapper.framework; sourceTree = BUILT_PRODUCTS_DIR; };
		1D503FED2558954D003F6504 /* FirebaseFrameworkWrapper.h */ = {isa = PBXFileReference; lastKnownFileType = sourcecode.c.h; path = FirebaseFrameworkWrapper.h; sourceTree = "<group>"; };
		1D503FEE2558954D003F6504 /* Info.plist */ = {isa = PBXFileReference; lastKnownFileType = text.plist.xml; path = Info.plist; sourceTree = "<group>"; };
		1D5040092558960B003F6504 /* LinkController.swift */ = {isa = PBXFileReference; lastKnownFileType = sourcecode.swift; path = LinkController.swift; sourceTree = "<group>"; };
/* End PBXFileReference section */

/* Begin PBXFrameworksBuildPhase section */
		1D503ECA2557F0FE003F6504 /* Frameworks */ = {
			isa = PBXFrameworksBuildPhase;
			buildActionMask = 2147483647;
			files = (
				1D503FF22558954D003F6504 /* FirebaseFrameworkWrapper.framework in Frameworks */,
			);
			runOnlyForDeploymentPostprocessing = 0;
		};
		1D503FE82558954D003F6504 /* Frameworks */ = {
			isa = PBXFrameworksBuildPhase;
			buildActionMask = 2147483647;
			files = (
				1D503FF925589557003F6504 /* FirebaseDynamicLinks.xcframework in Frameworks */,
				1D503FFF2558959E003F6504 /* FirebaseAuth in Frameworks */,
				1D5040052558959F003F6504 /* FirebaseMessaging in Frameworks */,
				1D5040012558959E003F6504 /* FirebaseFirestore in Frameworks */,
				1D5040032558959E003F6504 /* FirebaseFunctions in Frameworks */,
				1D5040072558959F003F6504 /* FirebaseStorage in Frameworks */,
			);
			runOnlyForDeploymentPostprocessing = 0;
		};
/* End PBXFrameworksBuildPhase section */

/* Begin PBXGroup section */
		1D503EC42557F0FE003F6504 = {
			isa = PBXGroup;
			children = (
				1D503ECF2557F0FE003F6504 /* DynamicLinkDemo */,
				1D503FEC2558954D003F6504 /* FirebaseFrameworkWrapper */,
				1D503ECE2557F0FE003F6504 /* Products */,
				1D503F6325588C14003F6504 /* Frameworks */,
			);
			sourceTree = "<group>";
		};
		1D503ECE2557F0FE003F6504 /* Products */ = {
			isa = PBXGroup;
			children = (
				1D503ECD2557F0FE003F6504 /* DynamicLinkDemo.app */,
				1D503FEB2558954D003F6504 /* FirebaseFrameworkWrapper.framework */,
			);
			name = Products;
			sourceTree = "<group>";
		};
		1D503ECF2557F0FE003F6504 /* DynamicLinkDemo */ = {
			isa = PBXGroup;
			children = (
				1D503F4F2557F7FC003F6504 /* DynamicLinkDemo.entitlements */,
				1D503ED02557F0FE003F6504 /* AppDelegate.swift */,
				1D503ED22557F0FE003F6504 /* SceneDelegate.swift */,
				1D503ED42557F0FE003F6504 /* ViewController.swift */,
				1D503ED62557F0FE003F6504 /* Main.storyboard */,
				1D503ED92557F100003F6504 /* Assets.xcassets */,
				1D503EDB2557F100003F6504 /* LaunchScreen.storyboard */,
				1D503EDE2557F100003F6504 /* Info.plist */,
			);
			path = DynamicLinkDemo;
			sourceTree = "<group>";
		};
		1D503F6325588C14003F6504 /* Frameworks */ = {
			isa = PBXGroup;
			children = (
				1D503F6425588C14003F6504 /* FirebaseDynamicLinks.xcframework */,
			);
			name = Frameworks;
			sourceTree = "<group>";
		};
		1D503FEC2558954D003F6504 /* FirebaseFrameworkWrapper */ = {
			isa = PBXGroup;
			children = (
				1D503FED2558954D003F6504 /* FirebaseFrameworkWrapper.h */,
				1D503FEE2558954D003F6504 /* Info.plist */,
				1D5040092558960B003F6504 /* LinkController.swift */,
			);
			path = FirebaseFrameworkWrapper;
			sourceTree = "<group>";
		};
/* End PBXGroup section */

/* Begin PBXHeadersBuildPhase section */
		1D503FE62558954D003F6504 /* Headers */ = {
			isa = PBXHeadersBuildPhase;
			buildActionMask = 2147483647;
			files = (
				1D503FEF2558954D003F6504 /* FirebaseFrameworkWrapper.h in Headers */,
			);
			runOnlyForDeploymentPostprocessing = 0;
		};
/* End PBXHeadersBuildPhase section */

/* Begin PBXNativeTarget section */
		1D503ECC2557F0FE003F6504 /* DynamicLinkDemo */ = {
			isa = PBXNativeTarget;
			buildConfigurationList = 1D503EE12557F100003F6504 /* Build configuration list for PBXNativeTarget "DynamicLinkDemo" */;
			buildPhases = (
				1D503EC92557F0FE003F6504 /* Sources */,
				1D503ECA2557F0FE003F6504 /* Frameworks */,
				1D503ECB2557F0FE003F6504 /* Resources */,
				1D503FF72558954D003F6504 /* Embed Frameworks */,
			);
			buildRules = (
			);
			dependencies = (
				1D503FF12558954D003F6504 /* PBXTargetDependency */,
			);
			name = DynamicLinkDemo;
			packageProductDependencies = (
			);
			productName = DynamicLinkDemo;
			productReference = 1D503ECD2557F0FE003F6504 /* DynamicLinkDemo.app */;
			productType = "com.apple.product-type.application";
		};
		1D503FEA2558954D003F6504 /* FirebaseFrameworkWrapper */ = {
			isa = PBXNativeTarget;
			buildConfigurationList = 1D503FF42558954D003F6504 /* Build configuration list for PBXNativeTarget "FirebaseFrameworkWrapper" */;
			buildPhases = (
				1D503FE62558954D003F6504 /* Headers */,
				1D503FE72558954D003F6504 /* Sources */,
				1D503FE82558954D003F6504 /* Frameworks */,
				1D503FE92558954D003F6504 /* Resources */,
			);
			buildRules = (
			);
			dependencies = (
			);
			name = FirebaseFrameworkWrapper;
			packageProductDependencies = (
				1D503FFE2558959E003F6504 /* FirebaseAuth */,
				1D5040002558959E003F6504 /* FirebaseFirestore */,
				1D5040022558959E003F6504 /* FirebaseFunctions */,
				1D5040042558959F003F6504 /* FirebaseMessaging */,
				1D5040062558959F003F6504 /* FirebaseStorage */,
			);
			productName = FirebaseFrameworkWrapper;
			productReference = 1D503FEB2558954D003F6504 /* FirebaseFrameworkWrapper.framework */;
			productType = "com.apple.product-type.framework";
		};
/* End PBXNativeTarget section */

/* Begin PBXProject section */
		1D503EC52557F0FE003F6504 /* Project object */ = {
			isa = PBXProject;
			attributes = {
				LastSwiftUpdateCheck = 1220;
				LastUpgradeCheck = 1220;
				TargetAttributes = {
					1D503ECC2557F0FE003F6504 = {
						CreatedOnToolsVersion = 12.2;
					};
					1D503FEA2558954D003F6504 = {
						CreatedOnToolsVersion = 12.2;
						LastSwiftMigration = 1220;
					};
				};
			};
			buildConfigurationList = 1D503EC82557F0FE003F6504 /* Build configuration list for PBXProject "DynamicLinkDemo" */;
			compatibilityVersion = "Xcode 9.3";
			developmentRegion = en;
			hasScannedForEncodings = 0;
			knownRegions = (
				en,
				Base,
			);
			mainGroup = 1D503EC42557F0FE003F6504;
			packageReferences = (
				1D503F4A2557F7F5003F6504 /* XCRemoteSwiftPackageReference "firebase-ios-sdk" */,
			);
			productRefGroup = 1D503ECE2557F0FE003F6504 /* Products */;
			projectDirPath = "";
			projectRoot = "";
			targets = (
				1D503ECC2557F0FE003F6504 /* DynamicLinkDemo */,
				1D503FEA2558954D003F6504 /* FirebaseFrameworkWrapper */,
			);
		};
/* End PBXProject section */

/* Begin PBXResourcesBuildPhase section */
		1D503ECB2557F0FE003F6504 /* Resources */ = {
			isa = PBXResourcesBuildPhase;
			buildActionMask = 2147483647;
			files = (
				1D503EDD2557F100003F6504 /* LaunchScreen.storyboard in Resources */,
				1D503EDA2557F100003F6504 /* Assets.xcassets in Resources */,
				1D503ED82557F0FE003F6504 /* Main.storyboard in Resources */,
			);
			runOnlyForDeploymentPostprocessing = 0;
		};
		1D503FE92558954D003F6504 /* Resources */ = {
			isa = PBXResourcesBuildPhase;
			buildActionMask = 2147483647;
			files = (
			);
			runOnlyForDeploymentPostprocessing = 0;
		};
/* End PBXResourcesBuildPhase section */

/* Begin PBXSourcesBuildPhase section */
		1D503EC92557F0FE003F6504 /* Sources */ = {
			isa = PBXSourcesBuildPhase;
			buildActionMask = 2147483647;
			files = (
				1D503ED52557F0FE003F6504 /* ViewController.swift in Sources */,
				1D503ED12557F0FE003F6504 /* AppDelegate.swift in Sources */,
				1D503ED32557F0FE003F6504 /* SceneDelegate.swift in Sources */,
			);
			runOnlyForDeploymentPostprocessing = 0;
		};
		1D503FE72558954D003F6504 /* Sources */ = {
			isa = PBXSourcesBuildPhase;
			buildActionMask = 2147483647;
			files = (
				1D50400A2558960B003F6504 /* LinkController.swift in Sources */,
			);
			runOnlyForDeploymentPostprocessing = 0;
		};
/* End PBXSourcesBuildPhase section */

/* Begin PBXTargetDependency section */
		1D503FF12558954D003F6504 /* PBXTargetDependency */ = {
			isa = PBXTargetDependency;
			target = 1D503FEA2558954D003F6504 /* FirebaseFrameworkWrapper */;
			targetProxy = 1D503FF02558954D003F6504 /* PBXContainerItemProxy */;
		};
/* End PBXTargetDependency section */

/* Begin PBXVariantGroup section */
		1D503ED62557F0FE003F6504 /* Main.storyboard */ = {
			isa = PBXVariantGroup;
			children = (
				1D503ED72557F0FE003F6504 /* Base */,
			);
			name = Main.storyboard;
			sourceTree = "<group>";
		};
		1D503EDB2557F100003F6504 /* LaunchScreen.storyboard */ = {
			isa = PBXVariantGroup;
			children = (
				1D503EDC2557F100003F6504 /* Base */,
			);
			name = LaunchScreen.storyboard;
			sourceTree = "<group>";
		};
/* End PBXVariantGroup section */

/* Begin XCBuildConfiguration section */
		1D503EDF2557F100003F6504 /* Debug */ = {
			isa = XCBuildConfiguration;
			buildSettings = {
				ALWAYS_SEARCH_USER_PATHS = NO;
				CLANG_ANALYZER_NONNULL = YES;
				CLANG_ANALYZER_NUMBER_OBJECT_CONVERSION = YES_AGGRESSIVE;
				CLANG_CXX_LANGUAGE_STANDARD = "gnu++14";
				CLANG_CXX_LIBRARY = "libc++";
				CLANG_ENABLE_MODULES = YES;
				CLANG_ENABLE_OBJC_ARC = YES;
				CLANG_ENABLE_OBJC_WEAK = YES;
				CLANG_WARN_BLOCK_CAPTURE_AUTORELEASING = YES;
				CLANG_WARN_BOOL_CONVERSION = YES;
				CLANG_WARN_COMMA = YES;
				CLANG_WARN_CONSTANT_CONVERSION = YES;
				CLANG_WARN_DEPRECATED_OBJC_IMPLEMENTATIONS = YES;
				CLANG_WARN_DIRECT_OBJC_ISA_USAGE = YES_ERROR;
				CLANG_WARN_DOCUMENTATION_COMMENTS = YES;
				CLANG_WARN_EMPTY_BODY = YES;
				CLANG_WARN_ENUM_CONVERSION = YES;
				CLANG_WARN_INFINITE_RECURSION = YES;
				CLANG_WARN_INT_CONVERSION = YES;
				CLANG_WARN_NON_LITERAL_NULL_CONVERSION = YES;
				CLANG_WARN_OBJC_IMPLICIT_RETAIN_SELF = YES;
				CLANG_WARN_OBJC_LITERAL_CONVERSION = YES;
				CLANG_WARN_OBJC_ROOT_CLASS = YES_ERROR;
				CLANG_WARN_QUOTED_INCLUDE_IN_FRAMEWORK_HEADER = YES;
				CLANG_WARN_RANGE_LOOP_ANALYSIS = YES;
				CLANG_WARN_STRICT_PROTOTYPES = YES;
				CLANG_WARN_SUSPICIOUS_MOVE = YES;
				CLANG_WARN_UNGUARDED_AVAILABILITY = YES_AGGRESSIVE;
				CLANG_WARN_UNREACHABLE_CODE = YES;
				CLANG_WARN__DUPLICATE_METHOD_MATCH = YES;
				COPY_PHASE_STRIP = NO;
				DEBUG_INFORMATION_FORMAT = dwarf;
				ENABLE_STRICT_OBJC_MSGSEND = YES;
				ENABLE_TESTABILITY = YES;
				GCC_C_LANGUAGE_STANDARD = gnu11;
				GCC_DYNAMIC_NO_PIC = NO;
				GCC_NO_COMMON_BLOCKS = YES;
				GCC_OPTIMIZATION_LEVEL = 0;
				GCC_PREPROCESSOR_DEFINITIONS = (
					"DEBUG=1",
					"$(inherited)",
				);
				GCC_WARN_64_TO_32_BIT_CONVERSION = YES;
				GCC_WARN_ABOUT_RETURN_TYPE = YES_ERROR;
				GCC_WARN_UNDECLARED_SELECTOR = YES;
				GCC_WARN_UNINITIALIZED_AUTOS = YES_AGGRESSIVE;
				GCC_WARN_UNUSED_FUNCTION = YES;
				GCC_WARN_UNUSED_VARIABLE = YES;
				IPHONEOS_DEPLOYMENT_TARGET = 14.2;
				MTL_ENABLE_DEBUG_INFO = INCLUDE_SOURCE;
				MTL_FAST_MATH = YES;
				ONLY_ACTIVE_ARCH = YES;
				SDKROOT = iphoneos;
				SWIFT_ACTIVE_COMPILATION_CONDITIONS = DEBUG;
				SWIFT_OPTIMIZATION_LEVEL = "-Onone";
			};
			name = Debug;
		};
		1D503EE02557F100003F6504 /* Release */ = {
			isa = XCBuildConfiguration;
			buildSettings = {
				ALWAYS_SEARCH_USER_PATHS = NO;
				CLANG_ANALYZER_NONNULL = YES;
				CLANG_ANALYZER_NUMBER_OBJECT_CONVERSION = YES_AGGRESSIVE;
				CLANG_CXX_LANGUAGE_STANDARD = "gnu++14";
				CLANG_CXX_LIBRARY = "libc++";
				CLANG_ENABLE_MODULES = YES;
				CLANG_ENABLE_OBJC_ARC = YES;
				CLANG_ENABLE_OBJC_WEAK = YES;
				CLANG_WARN_BLOCK_CAPTURE_AUTORELEASING = YES;
				CLANG_WARN_BOOL_CONVERSION = YES;
				CLANG_WARN_COMMA = YES;
				CLANG_WARN_CONSTANT_CONVERSION = YES;
				CLANG_WARN_DEPRECATED_OBJC_IMPLEMENTATIONS = YES;
				CLANG_WARN_DIRECT_OBJC_ISA_USAGE = YES_ERROR;
				CLANG_WARN_DOCUMENTATION_COMMENTS = YES;
				CLANG_WARN_EMPTY_BODY = YES;
				CLANG_WARN_ENUM_CONVERSION = YES;
				CLANG_WARN_INFINITE_RECURSION = YES;
				CLANG_WARN_INT_CONVERSION = YES;
				CLANG_WARN_NON_LITERAL_NULL_CONVERSION = YES;
				CLANG_WARN_OBJC_IMPLICIT_RETAIN_SELF = YES;
				CLANG_WARN_OBJC_LITERAL_CONVERSION = YES;
				CLANG_WARN_OBJC_ROOT_CLASS = YES_ERROR;
				CLANG_WARN_QUOTED_INCLUDE_IN_FRAMEWORK_HEADER = YES;
				CLANG_WARN_RANGE_LOOP_ANALYSIS = YES;
				CLANG_WARN_STRICT_PROTOTYPES = YES;
				CLANG_WARN_SUSPICIOUS_MOVE = YES;
				CLANG_WARN_UNGUARDED_AVAILABILITY = YES_AGGRESSIVE;
				CLANG_WARN_UNREACHABLE_CODE = YES;
				CLANG_WARN__DUPLICATE_METHOD_MATCH = YES;
				COPY_PHASE_STRIP = NO;
				DEBUG_INFORMATION_FORMAT = "dwarf-with-dsym";
				ENABLE_NS_ASSERTIONS = NO;
				ENABLE_STRICT_OBJC_MSGSEND = YES;
				GCC_C_LANGUAGE_STANDARD = gnu11;
				GCC_NO_COMMON_BLOCKS = YES;
				GCC_WARN_64_TO_32_BIT_CONVERSION = YES;
				GCC_WARN_ABOUT_RETURN_TYPE = YES_ERROR;
				GCC_WARN_UNDECLARED_SELECTOR = YES;
				GCC_WARN_UNINITIALIZED_AUTOS = YES_AGGRESSIVE;
				GCC_WARN_UNUSED_FUNCTION = YES;
				GCC_WARN_UNUSED_VARIABLE = YES;
				IPHONEOS_DEPLOYMENT_TARGET = 14.2;
				MTL_ENABLE_DEBUG_INFO = NO;
				MTL_FAST_MATH = YES;
				SDKROOT = iphoneos;
				SWIFT_COMPILATION_MODE = wholemodule;
				SWIFT_OPTIMIZATION_LEVEL = "-O";
				VALIDATE_PRODUCT = YES;
			};
			name = Release;
		};
		1D503EE22557F100003F6504 /* Debug */ = {
			isa = XCBuildConfiguration;
			buildSettings = {
				ALWAYS_EMBED_SWIFT_STANDARD_LIBRARIES = YES;
				ASSETCATALOG_COMPILER_APPICON_NAME = AppIcon;
				ASSETCATALOG_COMPILER_GLOBAL_ACCENT_COLOR_NAME = AccentColor;
				CODE_SIGN_ENTITLEMENTS = DynamicLinkDemo/DynamicLinkDemo.entitlements;
				CODE_SIGN_STYLE = Automatic;
				DEVELOPMENT_TEAM = 9GDU5ZNHX7;
				INFOPLIST_FILE = DynamicLinkDemo/Info.plist;
				LD_RUNPATH_SEARCH_PATHS = (
					"$(inherited)",
					"@executable_path/Frameworks",
				);
				OTHER_LDFLAGS = "-ObjC";
				PRODUCT_BUNDLE_IDENTIFIER = com.KomodoLLC.DynamicLinkDemo;
				PRODUCT_NAME = "$(TARGET_NAME)";
				SUPPORTS_MACCATALYST = YES;
				SWIFT_VERSION = 5.0;
				TARGETED_DEVICE_FAMILY = "1,2";
			};
			name = Debug;
		};
		1D503EE32557F100003F6504 /* Release */ = {
			isa = XCBuildConfiguration;
			buildSettings = {
				ALWAYS_EMBED_SWIFT_STANDARD_LIBRARIES = YES;
				ASSETCATALOG_COMPILER_APPICON_NAME = AppIcon;
				ASSETCATALOG_COMPILER_GLOBAL_ACCENT_COLOR_NAME = AccentColor;
				CODE_SIGN_ENTITLEMENTS = DynamicLinkDemo/DynamicLinkDemo.entitlements;
				CODE_SIGN_STYLE = Automatic;
				DEVELOPMENT_TEAM = 9GDU5ZNHX7;
				INFOPLIST_FILE = DynamicLinkDemo/Info.plist;
				LD_RUNPATH_SEARCH_PATHS = (
					"$(inherited)",
					"@executable_path/Frameworks",
				);
				OTHER_LDFLAGS = "-ObjC";
				PRODUCT_BUNDLE_IDENTIFIER = com.KomodoLLC.DynamicLinkDemo;
				PRODUCT_NAME = "$(TARGET_NAME)";
				SUPPORTS_MACCATALYST = YES;
				SWIFT_VERSION = 5.0;
				TARGETED_DEVICE_FAMILY = "1,2";
			};
			name = Release;
		};
		1D503FF52558954D003F6504 /* Debug */ = {
			isa = XCBuildConfiguration;
			buildSettings = {
				CLANG_ENABLE_MODULES = YES;
				CODE_SIGN_STYLE = Automatic;
				CURRENT_PROJECT_VERSION = 1;
				DEFINES_MODULE = YES;
				DEVELOPMENT_TEAM = 9GDU5ZNHX7;
				DYLIB_COMPATIBILITY_VERSION = 1;
				DYLIB_CURRENT_VERSION = 1;
				DYLIB_INSTALL_NAME_BASE = "@rpath";
				INFOPLIST_FILE = FirebaseFrameworkWrapper/Info.plist;
				INSTALL_PATH = "$(LOCAL_LIBRARY_DIR)/Frameworks";
				LD_RUNPATH_SEARCH_PATHS = (
					"$(inherited)",
					"@executable_path/Frameworks",
					"@loader_path/Frameworks",
				);
				OTHER_LDFLAGS = "-ObjC";
				PRODUCT_BUNDLE_IDENTIFIER = com.KomodoLLC.FirebaseFrameworkWrapper;
				PRODUCT_NAME = "$(TARGET_NAME:c99extidentifier)";
				SKIP_INSTALL = YES;
				SWIFT_OPTIMIZATION_LEVEL = "-Onone";
				SWIFT_VERSION = 5.0;
				TARGETED_DEVICE_FAMILY = "1,2";
				VERSIONING_SYSTEM = "apple-generic";
				VERSION_INFO_PREFIX = "";
			};
			name = Debug;
		};
		1D503FF62558954D003F6504 /* Release */ = {
			isa = XCBuildConfiguration;
			buildSettings = {
				CLANG_ENABLE_MODULES = YES;
				CODE_SIGN_STYLE = Automatic;
				CURRENT_PROJECT_VERSION = 1;
				DEFINES_MODULE = YES;
				DEVELOPMENT_TEAM = 9GDU5ZNHX7;
				DYLIB_COMPATIBILITY_VERSION = 1;
				DYLIB_CURRENT_VERSION = 1;
				DYLIB_INSTALL_NAME_BASE = "@rpath";
				INFOPLIST_FILE = FirebaseFrameworkWrapper/Info.plist;
				INSTALL_PATH = "$(LOCAL_LIBRARY_DIR)/Frameworks";
				LD_RUNPATH_SEARCH_PATHS = (
					"$(inherited)",
					"@executable_path/Frameworks",
					"@loader_path/Frameworks",
				);
				OTHER_LDFLAGS = "-ObjC";
				PRODUCT_BUNDLE_IDENTIFIER = com.KomodoLLC.FirebaseFrameworkWrapper;
				PRODUCT_NAME = "$(TARGET_NAME:c99extidentifier)";
				SKIP_INSTALL = YES;
				SWIFT_VERSION = 5.0;
				TARGETED_DEVICE_FAMILY = "1,2";
				VERSIONING_SYSTEM = "apple-generic";
				VERSION_INFO_PREFIX = "";
			};
			name = Release;
		};
/* End XCBuildConfiguration section */

/* Begin XCConfigurationList section */
		1D503EC82557F0FE003F6504 /* Build configuration list for PBXProject "DynamicLinkDemo" */ = {
			isa = XCConfigurationList;
			buildConfigurations = (
				1D503EDF2557F100003F6504 /* Debug */,
				1D503EE02557F100003F6504 /* Release */,
			);
			defaultConfigurationIsVisible = 0;
			defaultConfigurationName = Release;
		};
		1D503EE12557F100003F6504 /* Build configuration list for PBXNativeTarget "DynamicLinkDemo" */ = {
			isa = XCConfigurationList;
			buildConfigurations = (
				1D503EE22557F100003F6504 /* Debug */,
				1D503EE32557F100003F6504 /* Release */,
			);
			defaultConfigurationIsVisible = 0;
			defaultConfigurationName = Release;
		};
		1D503FF42558954D003F6504 /* Build configuration list for PBXNativeTarget "FirebaseFrameworkWrapper" */ = {
			isa = XCConfigurationList;
			buildConfigurations = (
				1D503FF52558954D003F6504 /* Debug */,
				1D503FF62558954D003F6504 /* Release */,
			);
			defaultConfigurationIsVisible = 0;
			defaultConfigurationName = Release;
		};
/* End XCConfigurationList section */

/* Begin XCRemoteSwiftPackageReference section */
		1D503F4A2557F7F5003F6504 /* XCRemoteSwiftPackageReference "firebase-ios-sdk" */ = {
			isa = XCRemoteSwiftPackageReference;
			repositoryURL = "https://github.com/firebase/firebase-ios-sdk/";
			requirement = {
				kind = upToNextMajorVersion;
				minimumVersion = 7.0.0;
			};
		};
/* End XCRemoteSwiftPackageReference section */

/* Begin XCSwiftPackageProductDependency section */
		1D503FFE2558959E003F6504 /* FirebaseAuth */ = {
			isa = XCSwiftPackageProductDependency;
			package = 1D503F4A2557F7F5003F6504 /* XCRemoteSwiftPackageReference "firebase-ios-sdk" */;
			productName = FirebaseAuth;
		};
		1D5040002558959E003F6504 /* FirebaseFirestore */ = {
			isa = XCSwiftPackageProductDependency;
			package = 1D503F4A2557F7F5003F6504 /* XCRemoteSwiftPackageReference "firebase-ios-sdk" */;
			productName = FirebaseFirestore;
		};
		1D5040022558959E003F6504 /* FirebaseFunctions */ = {
			isa = XCSwiftPackageProductDependency;
			package = 1D503F4A2557F7F5003F6504 /* XCRemoteSwiftPackageReference "firebase-ios-sdk" */;
			productName = FirebaseFunctions;
		};
		1D5040042558959F003F6504 /* FirebaseMessaging */ = {
			isa = XCSwiftPackageProductDependency;
			package = 1D503F4A2557F7F5003F6504 /* XCRemoteSwiftPackageReference "firebase-ios-sdk" */;
			productName = FirebaseMessaging;
		};
		1D5040062558959F003F6504 /* FirebaseStorage */ = {
			isa = XCSwiftPackageProductDependency;
			package = 1D503F4A2557F7F5003F6504 /* XCRemoteSwiftPackageReference "firebase-ios-sdk" */;
			productName = FirebaseStorage;
		};
/* End XCSwiftPackageProductDependency section */
	};
	rootObject = 1D503EC52557F0FE003F6504 /* Project object */;
}
